
Microsoft Visual Studio Solution File, Format Version 12.00
# Visual Studio Version 16
VisualStudioVersion = 25.0.1705.2
MinimumVisualStudioVersion = 10.0.40219.1
Project("{FAE04EC0-301F-11D3-BF4B-00C04F79EFBC}") = "labs", "labs\labs.csproj", "{3BCB3A21-2E65-4128-ACE8-4EB0E0BAA17E}"
EndProject
Global
	GlobalSection(SolutionConfigurationPlatforms) = preSolution
		Debug|Any CPU = Debug|Any CPU
		Release|Any CPU = Release|Any CPU
	EndGlobalSection
	GlobalSection(ProjectConfigurationPlatforms) = postSolution
		{3BCB3A21-2E65-4128-ACE8-4EB0E0BAA17E}.Debug|Any CPU.ActiveCfg = Debug|Any CPU
		{3BCB3A21-2E65-4128-ACE8-4EB0E0BAA17E}.Debug|Any CPU.Build.0 = Debug|Any CPU
		{3BCB3A21-2E65-4128-ACE8-4EB0E0BAA17E}.Release|Any CPU.ActiveCfg = Release|Any CPU
		{3BCB3A21-2E65-4128-ACE8-4EB0E0BAA17E}.Release|Any CPU.Build.0 = Release|Any CPU
	EndGlobalSection
	GlobalSection(SolutionProperties) = preSolution
		HideSolutionNode = FALSE
	EndGlobalSection
	GlobalSection(ExtensibilityGlobals) = postSolution
		SolutionGuid = {BAA7EBDE-8548-4223-A639-1ADC90FA55AA}
	EndGlobalSection
EndGlobal
